<Solution>
  <Project Path="Aplikasi_Reservasi_Lapangan_Badminton/Aplikasi_Reservasi_Lapangan_Badminton.csproj" />
  <Project Path="Fitur_Filter_Jadwal_Test/Fitur_Filter_Jadwal_Test.csproj" Id="7c4f8e5c-c9cd-45b7-90c3-9fc882502409">
    <Build Solution="Debug|*" Project="false" />
  </Project>
</Solution>
